
Microsoft Visual Studio Solution File, Format Version 12.00
# Visual Studio 2017
Project("{FAE04EC0-301F-11D3-BF4B-00C04F79EFBC}") = "VR_Test_M2", "VR_Test_M2.csproj", "{CFC779E0-D442-94FF-E997-7B3F0059C711}"
EndProject
Global
	GlobalSection(SolutionConfigurationPlatforms) = preSolution
		Debug|Any CPU = Debug|Any CPU
		Release|Any CPU = Release|Any CPU
	EndGlobalSection
	GlobalSection(ProjectConfigurationPlatforms) = postSolution
		{CFC779E0-D442-94FF-E997-7B3F0059C711}.Debug|Any CPU.ActiveCfg = Debug|Any CPU
		{CFC779E0-D442-94FF-E997-7B3F0059C711}.Debug|Any CPU.Build.0 = Debug|Any CPU
		{CFC779E0-D442-94FF-E997-7B3F0059C711}.Release|Any CPU.ActiveCfg = Release|Any CPU
		{CFC779E0-D442-94FF-E997-7B3F0059C711}.Release|Any CPU.Build.0 = Release|Any CPU
	EndGlobalSection
	GlobalSection(SolutionProperties) = preSolution
		HideSolutionNode = FALSE
	EndGlobalSection
EndGlobal
